
Microsoft Visual Studio Solution File, Format Version 12.00
# Visual Studio 2013
VisualStudioVersion = 12.0.40629.0
MinimumVisualStudioVersion = 10.0.40219.1
Project("{FAE04EC0-301F-11D3-BF4B-00C04F79EFBC}") = "FoursquareAngularJS.Web", "FoursquareAngularJS.Web\FoursquareAngularJS.Web.csproj", "{7C907C61-00C8-4A5F-A8BF-4EE014F31DF1}"
EndProject
Project("{FAE04EC0-301F-11D3-BF4B-00C04F79EFBC}") = "FoursquareAngularJS.Web.Tests", "FoursquareAngularJS.Web.Tests\FoursquareAngularJS.Web.Tests.csproj", "{28DCBED3-B6C1-483D-96A0-FFBDA752036B}"
EndProject
Project("{2150E333-8FDC-42A3-9474-1A3956D46DE8}") = "PublishScripts", "PublishScripts", "{59429A79-BB04-4927-90E7-7A771CF223B1}"
EndProject
Project("{2150E333-8FDC-42A3-9474-1A3956D46DE8}") = "Scripts", "Scripts", "{09FE165F-BD6D-46BB-9C4E-D6D2B9CE604F}"
	ProjectSection(SolutionItems) = preProject
		PublishScripts\Scripts\Deploy-AzureResourceGroup.ps1 = PublishScripts\Scripts\Deploy-AzureResourceGroup.ps1
	EndProjectSection
EndProject
Project("{2150E333-8FDC-42A3-9474-1A3956D46DE8}") = "Templates", "Templates", "{AFB39751-B513-4537-BD36-4693DF115581}"
	ProjectSection(SolutionItems) = preProject
		PublishScripts\Templates\FoursquareAngularJSWeb.json = PublishScripts\Templates\FoursquareAngularJSWeb.json
		PublishScripts\Templates\FoursquareAngularJSWeb.param.dev.json = PublishScripts\Templates\FoursquareAngularJSWeb.param.dev.json
	EndProjectSection
EndProject
Global
	GlobalSection(SolutionConfigurationPlatforms) = preSolution
		Debug|Any CPU = Debug|Any CPU
		Release|Any CPU = Release|Any CPU
	EndGlobalSection
	GlobalSection(ProjectConfigurationPlatforms) = postSolution
		{7C907C61-00C8-4A5F-A8BF-4EE014F31DF1}.Debug|Any CPU.ActiveCfg = Debug|Any CPU
		{7C907C61-00C8-4A5F-A8BF-4EE014F31DF1}.Debug|Any CPU.Build.0 = Debug|Any CPU
		{7C907C61-00C8-4A5F-A8BF-4EE014F31DF1}.Release|Any CPU.ActiveCfg = Release|Any CPU
		{7C907C61-00C8-4A5F-A8BF-4EE014F31DF1}.Release|Any CPU.Build.0 = Release|Any CPU
		{28DCBED3-B6C1-483D-96A0-FFBDA752036B}.Debug|Any CPU.ActiveCfg = Debug|Any CPU
		{28DCBED3-B6C1-483D-96A0-FFBDA752036B}.Debug|Any CPU.Build.0 = Debug|Any CPU
		{28DCBED3-B6C1-483D-96A0-FFBDA752036B}.Release|Any CPU.ActiveCfg = Release|Any CPU
		{28DCBED3-B6C1-483D-96A0-FFBDA752036B}.Release|Any CPU.Build.0 = Release|Any CPU
	EndGlobalSection
	GlobalSection(SolutionProperties) = preSolution
		HideSolutionNode = FALSE
	EndGlobalSection
	GlobalSection(NestedProjects) = preSolution
		{09FE165F-BD6D-46BB-9C4E-D6D2B9CE604F} = {59429A79-BB04-4927-90E7-7A771CF223B1}
		{AFB39751-B513-4537-BD36-4693DF115581} = {59429A79-BB04-4927-90E7-7A771CF223B1}
	EndGlobalSection
EndGlobal
